{
  "pins" : [
    {
      "identity" : "narratore",
      "kind" : "remoteSourceControl",
      "location" : "https://github.com/broomburgo/Narratore",
      "state" : {
        "revision" : "1cb7fd95c6e3ca670c057afcd6c738dcc9527c41",
        "version" : "0.2.0"
      }
    }
  ],
  "version" : 2
}
