{
  "originHash" : "7781d5c11e7262569f051d4179465df53e41fa217234df21be7809bd4d50f9c8",
  "pins" : [
    {
      "identity" : "narratore",
      "kind" : "remoteSourceControl",
      "location" : "https://github.com/broomburgo/Narratore",
      "state" : {
        "branch" : "strict-concurrency-checking",
        "revision" : "b81dc1b6777a18b5ba5d5d04fcf9992e88684fc6"
      }
    }
  ],
  "version" : 3
}
